{
  "projects": [
    {
      "projectId": "73KhD343S1ps4YNpRNR2Mg",
      "version": "latest",
      "dependencies": {},
      "lang": "js",
      "fileLocks": [
        {
          "type": "globalVariant",
          "assetId": "jvIowL4ZKTc",
          "checksum": "655ab05a417e6234073b42a3c32e3e59"
        },
        {
          "assetId": "73KhD343S1ps4YNpRNR2Mg",
          "type": "projectCss",
          "checksum": "636ac6cdd9d0ac021af83568d5ce84ea"
        },
        {
          "type": "renderModule",
          "assetId": "l-Zr2oCvP9",
          "checksum": "9e5d982d3d4fe593abdb14a5b97086c3"
        },
        {
          "type": "cssRules",
          "assetId": "l-Zr2oCvP9",
          "checksum": "9e5d982d3d4fe593abdb14a5b97086c3"
        },
        {
          "type": "renderModule",
          "assetId": "TvhUeaNrnY",
          "checksum": "bc4f6c06e9e076aadcae5c1b04c28b1e"
        },
        {
          "type": "cssRules",
          "assetId": "TvhUeaNrnY",
          "checksum": "bc4f6c06e9e076aadcae5c1b04c28b1e"
        },
        {
          "type": "renderModule",
          "assetId": "ychE-SK3s4",
          "checksum": "867731e6cbea7fcffc9a415063226622"
        },
        {
          "type": "cssRules",
          "assetId": "ychE-SK3s4",
          "checksum": "867731e6cbea7fcffc9a415063226622"
        },
        {
          "type": "renderModule",
          "assetId": "Io5LOrZjHh",
          "checksum": "0c0fdcedafffca197a0183b6b9a24661"
        },
        {
          "type": "cssRules",
          "assetId": "Io5LOrZjHh",
          "checksum": "0c0fdcedafffca197a0183b6b9a24661"
        },
        {
          "type": "renderModule",
          "assetId": "yMglidYWpZ",
          "checksum": "c9bc19de1eb51b63aaf2b0c237226f82"
        },
        {
          "type": "cssRules",
          "assetId": "yMglidYWpZ",
          "checksum": "c9bc19de1eb51b63aaf2b0c237226f82"
        },
        {
          "type": "renderModule",
          "assetId": "BzjkuBd4NY",
          "checksum": "76ace5b66298773db3fb9b90ec1a582e"
        },
        {
          "type": "cssRules",
          "assetId": "BzjkuBd4NY",
          "checksum": "76ace5b66298773db3fb9b90ec1a582e"
        },
        {
          "type": "renderModule",
          "assetId": "8lhdPwd74f",
          "checksum": "b365a3670545cdb50c2072da36e1e05e"
        },
        {
          "type": "cssRules",
          "assetId": "8lhdPwd74f",
          "checksum": "b365a3670545cdb50c2072da36e1e05e"
        },
        {
          "type": "renderModule",
          "assetId": "lNFoSAZCD3",
          "checksum": "f41667d2da24696f2a18098a62a53e66"
        },
        {
          "type": "cssRules",
          "assetId": "lNFoSAZCD3",
          "checksum": "f41667d2da24696f2a18098a62a53e66"
        },
        {
          "type": "renderModule",
          "assetId": "bBY_AcH_gq",
          "checksum": "c7a53d84e6d3d2cb344ec9729ab41b87"
        },
        {
          "type": "cssRules",
          "assetId": "bBY_AcH_gq",
          "checksum": "c7a53d84e6d3d2cb344ec9729ab41b87"
        },
        {
          "type": "renderModule",
          "assetId": "erKMAXnjBb",
          "checksum": "39f680c443d37714dcb479a77b4b8876"
        },
        {
          "type": "cssRules",
          "assetId": "erKMAXnjBb",
          "checksum": "39f680c443d37714dcb479a77b4b8876"
        },
        {
          "type": "icon",
          "assetId": "pv_v81ctvL",
          "checksum": "287ae943eba2495ada443c74f1e61a66"
        },
        {
          "type": "icon",
          "assetId": "pCMzSkne9Gk",
          "checksum": "bbd87eca44552f306c27f8502e34fc47"
        },
        {
          "type": "icon",
          "assetId": "aHRvMH2ljz5",
          "checksum": "699742758ba087032524d2608f925cd6"
        },
        {
          "type": "icon",
          "assetId": "FCkr3fpHxNj",
          "checksum": "263b75d5ff1af4bc59d8557a4f5b8faa"
        },
        {
          "type": "icon",
          "assetId": "txQrADCtHTa",
          "checksum": "03ad8fffd3826545f0eec59857b531d8"
        },
        {
          "type": "icon",
          "assetId": "41hk-ShoQ8S",
          "checksum": "b62a31356acf03f28683719192daa579"
        },
        {
          "type": "icon",
          "assetId": "ojVcl76mJo1",
          "checksum": "09cf4e801b3d2be224addfa303a4eb91"
        },
        {
          "type": "icon",
          "assetId": "oHxAsKWJqRM",
          "checksum": "4457a6d99d28bccbc790af9efe97e25d"
        },
        {
          "type": "icon",
          "assetId": "ye63VZdaNB6",
          "checksum": "54212a2d35a924658dfabe6621795383"
        },
        {
          "type": "icon",
          "assetId": "6dOrqJgVsot",
          "checksum": "4eb0f4f1ec51a4b7e9c76763bfa0833a"
        },
        {
          "type": "icon",
          "assetId": "JwqTvGkc8V3",
          "checksum": "1c6290113442e18919f7bb8a25591915"
        },
        {
          "type": "icon",
          "assetId": "AsHTec35ur9",
          "checksum": "5dd121ec1fb36d112fbc4351855d5d70"
        },
        {
          "type": "icon",
          "assetId": "hel9cvPJoUS",
          "checksum": "a52a2251842fa478d6de90453c6e9732"
        },
        {
          "type": "icon",
          "assetId": "4yLlpNzl8SJ",
          "checksum": "12d898d0023c8bd8f49b469de2e3e516"
        },
        {
          "type": "icon",
          "assetId": "1t2qjfWHsYG",
          "checksum": "a7d199ade70234b5a4cb5aa43c60d445"
        },
        {
          "type": "icon",
          "assetId": "7QCkaiMidIA",
          "checksum": "4dea675988a1b0d159b9bd622bc0bee4"
        },
        {
          "type": "icon",
          "assetId": "Ftkwe-9_WB6",
          "checksum": "9a4a7aead222f472d451b7bd4dac7382"
        },
        {
          "type": "icon",
          "assetId": "7oq1tus5oWR",
          "checksum": "552ba83e6a28a384f4985d8120319c12"
        },
        {
          "type": "icon",
          "assetId": "iGSEvSfWRC_",
          "checksum": "b9fce3afcab576025985d884a3d6c331"
        },
        {
          "type": "icon",
          "assetId": "2MOROr1xbd2",
          "checksum": "f69d0131712368639e215c9b4a85514a"
        },
        {
          "type": "icon",
          "assetId": "e6eAiMpAQFU",
          "checksum": "1904f38a86082f05fd8d4ac91938960c"
        },
        {
          "type": "icon",
          "assetId": "i0smMU1j821",
          "checksum": "c7d918a61dfd2fa0881ecc6cded79d79"
        },
        {
          "type": "icon",
          "assetId": "9EJzVsE0URs",
          "checksum": "8926b71d1edda66e15d02b35905a34f9"
        },
        {
          "type": "icon",
          "assetId": "fTYKAUyHxzV",
          "checksum": "dc02626f5e163fa9a79191ba7d056627"
        },
        {
          "type": "icon",
          "assetId": "qY0LseDkOzz",
          "checksum": "09268aa62b06248896868ade6349fe49"
        },
        {
          "type": "icon",
          "assetId": "45naGZu_SdP",
          "checksum": "860291713ce40b64349d3fa33d532dc7"
        },
        {
          "type": "icon",
          "assetId": "1khrMQdANwK",
          "checksum": "9c4cf58dd45e0eed6993e4c174b52046"
        },
        {
          "type": "icon",
          "assetId": "_EYFakmeLa1",
          "checksum": "ebaf47324c2bbaf49d6b53440cc0afcf"
        },
        {
          "type": "image",
          "assetId": "KdJ5US1WM",
          "checksum": "890543347774641b345dadd01959ccea"
        },
        {
          "type": "image",
          "assetId": "BNpASNAQBB",
          "checksum": "45ffd70a5c59308f73936ce0da370798"
        },
        {
          "type": "image",
          "assetId": "WNRla2x-u",
          "checksum": "c78747de3b3712be96e88533ade0f84e"
        },
        {
          "type": "image",
          "assetId": "KkydC6mcgt",
          "checksum": "9058fa2caae8192729eb752962c4a573"
        },
        {
          "type": "image",
          "assetId": "X9LRkub6XG",
          "checksum": "9e21e5901f4cad4e092bd3d54f5329da"
        },
        {
          "type": "image",
          "assetId": "FtCaiQoIx4",
          "checksum": "e1318ec86f8ee9fba880ab86d3e0ed41"
        },
        {
          "type": "image",
          "assetId": "XYAp2niZC",
          "checksum": "2368fb7a96f332818547f0541df99fb3"
        },
        {
          "type": "image",
          "assetId": "xBBpvQnKa2",
          "checksum": "cae67040d388f6955bbfd096361a25f8"
        },
        {
          "type": "image",
          "assetId": "OuobMJNLKr",
          "checksum": "6cb10d33488f44011711ed58510f945b"
        },
        {
          "type": "image",
          "assetId": "RsfQjmvChn",
          "checksum": "4ac378b3ac7906c7ef3f9a64ebf3c97b"
        },
        {
          "type": "image",
          "assetId": "1KDQgfI6ez",
          "checksum": "c748f5357219f88d1c817dcc893ace78"
        },
        {
          "type": "image",
          "assetId": "DDVLDuGJQ",
          "checksum": "a3a065e7dce8142f49935a2165f5f151"
        }
      ]
    }
  ],
  "cliVersion": "0.1.166"
}
